version = 1
revision = 2
requires-python = "==3.12.*"
resolution-markers = [
    "sys_platform == 'darwin'",
    "sys_platform == 'win32'",
    "sys_platform != 'darwin' and sys_platform != 'win32'",
]

[[package]]
name = "av"
version = "12.3.0"
source = { registry = "https://pypi.org/simple" }
sdist = { url = "https://files.pythonhosted.org/packages/00/f8/5adeeae0c42a7130933d168b8d84a21c98a32cb9fcf9222e2541ed0d9c7b/av-12.3.0.tar.gz", hash = "sha256:04b1892562aff3277efc79f32bd8f1d0cbb64ed011241cb3e96f9ad471816c22", size = 3833953, upload-time = "2024-07-21T04:02:43.708Z" }
wheels = [
    { url = "https://files.pythonhosted.org/packages/e4/c1/0636bccf5a1a2c935952614b9d34d8d8aae078c9773a60efb5376702f499/av-12.3.0-cp312-cp312-macosx_10_13_x86_64.whl", hash = "sha256:5174e995772ebe33561980dca625f830aea8d39a4338728dedb41ae7dc2605af", size = 24669628, upload-time = "2024-07-21T04:00:58.643Z" },
    { url = "https://files.pythonhosted.org/packages/ef/7d/9126abdafe20fa73d2c19fd108450363253cfea283c350618cc1434f473c/av-12.3.0-cp312-cp312-macosx_11_0_arm64.whl", hash = "sha256:028d8b40308536f740dace3efd0178eb96825b414897c9594fb74136532901cb", size = 19928928, upload-time = "2024-07-21T04:01:01.506Z" },
    { url = "https://files.pythonhosted.org/packages/27/75/c1b9e0aa4bd0d8b8311f366b6b38f6c6600d66baddfe2888accc7f76b1f5/av-12.3.0-cp312-cp312-manylinux_2_17_aarch64.manylinux2014_aarch64.whl", hash = "sha256:b030791ecc6185776d832d19ce196f61daf3e17e591a9bb6fd181280e1754138", size = 32793461, upload-time = "2024-07-21T04:01:04.62Z" },
    { url = "https://files.pythonhosted.org/packages/5a/06/1364c445f8a8ab4870f0f5c4530b496257ae09de7fa01b6108525abea8b9/av-12.3.0-cp312-cp312-manylinux_2_17_i686.manylinux2014_i686.whl", hash = "sha256:a3703a35481fda5798a27bf6208c1ec3b61c18931625771fb3c9fd870539c7d7", size = 32217647, upload-time = "2024-07-21T04:01:07.549Z" },
    { url = "https://files.pythonhosted.org/packages/27/08/220d5a1ae7e7830d66d041c71e607c1f5df2e3598b12fb406b0d7c2defa7/av-12.3.0-cp312-cp312-manylinux_2_17_x86_64.manylinux2014_x86_64.whl", hash = "sha256:32f3eef56b2df289db6105f9fe2ebc9a8134a8adbd62190daeb8e22c4ff47794", size = 34746451, upload-time = "2024-07-21T04:01:10.506Z" },
    { url = "https://files.pythonhosted.org/packages/96/67/9f1c444864d4f3e3773100b9ed20e670f80d5575b7a8fd53cca20de9d681/av-12.3.0-cp312-cp312-win_amd64.whl", hash = "sha256:62d036ee8321d67190887012c3dbcd1ad83248603cc29ea75fbb75835b8d6e6e", size = 25977611, upload-time = "2024-07-21T04:01:13.709Z" },
]

[[package]]
name = "evdev"
version = "2.0.0"
source = { registry = "https://pypi.org/simple" }
sdist = { url = "https://files.pythonhosted.org/packages/2e/07/eb30593524303d1367f0dc00c1c66582c994dba412a47751e34bad9fa29b/evdev-2.0.0.tar.gz", hash = "sha256:442fb3f4c8dfc9e61e901133c356220c02d663eca8f34722e0cecdd637eba504", size = 33766, upload-time = "2026-08-23T10:31:26.835Z" }

[[package]]
name = "numpy"
version = "2.5.3"
source = { registry = "https://pypi.org/simple" }
sdist = { url = "https://files.pythonhosted.org/packages/13/01/11703282db468b85f6f7b8c7f22d058de5970d5c7e60a3a8aaa313c3de36/numpy-2.5.3.tar.gz", hash = "sha256:df2d5874ff183595a4ba404edd04f6bd9b5505c1d7708573f6a6c17489a67563", size = 20791231, upload-time = "2026-09-06T16:27:47.073Z" }
wheels = [
    { url = "https://files.pythonhosted.org/packages/d6/50/8fdbb16af64895706a45f06a4068e29db732ec180f3c1375f14123359138/numpy-2.5.3-cp312-cp312-macosx_10_13_x86_64.whl", hash = "sha256:cb189f09db39283b26bfd061ec16189e14f71c6755207f72a0f7540867afe5b9", size = 16994982, upload-time = "2026-09-06T16:24:29.244Z" },
    { url = "https://files.pythonhosted.org/packages/60/39/789131c1188c078dcb3a1692e72e1e050c68b88ffe72c9ccaac9bcd7a9cd/numpy-2.5.3-cp312-cp312-macosx_11_0_arm64.whl", hash = "sha256:f59a878c33d6b88122d80d239bb3b845d58708750b0cb06a09aebb9b18ec696c", size = 12009327, upload-time = "2026-09-06T16:24:32.491Z" },
    { url = "https://files.pythonhosted.org/packages/9c/59/a312e95696e5f601914dd8b6dd844692ba61670807417e24b68e337b5c70/numpy-2.5.3-cp312-cp312-macosx_14_0_arm64.whl", hash = "sha256:a72f874bc9e10e4b8f80426fb49716d5141f64442a0c8418065093ec8017fbb0", size = 5445405, upload-time = "2026-09-06T16:24:35.071Z" },
    { url = "https://files.pythonhosted.org/packages/30/d0/5623a1707ed4fe16e3909fe3cf5ee3da004ae677ad23d83bbf3adf1a6faf/numpy-2.5.3-cp312-cp312-macosx_14_0_x86_64.whl", hash = "sha256:fc36dc566135b5eceec4cf89758fcb719266a019ef07dae1754ae7c9f617ef3e", size = 6783213, upload-time = "2026-09-06T16:24:37.253Z" },
    { url = "https://files.pythonhosted.org/packages/f1/32/84146fc020ad3c25f805f70ab60da46fe3c540a21369754a7e4369754b6f/numpy-2.5.3-cp312-cp312-manylinux_2_27_aarch64.manylinux_2_28_aarch64.whl", hash = "sha256:76c2c1e6bfa5c84adc6434dfbf013aa92096a7985221762c8f11fedfd20fff58", size = 15687872, upload-time = "2026-09-06T16:24:39.751Z" },
    { url = "https://files.pythonhosted.org/packages/65/af/aa78d1a88805456e212b65461354cd943197fb9acecc4c90fd12295123a3/numpy-2.5.3-cp312-cp312-manylinux_2_27_x86_64.manylinux_2_28_x86_64.whl", hash = "sha256:b7e18c623bb5c95acb3b3328861272816ba199fb531921c5d6d0b675f1fde9e3", size = 16717410, upload-time = "2026-09-06T16:24:42.745Z" },
    { url = "https://files.pythonhosted.org/packages/3b/24/faa79d865e69a97ba17473b23a1b74094b2259c03e820c70297293b9ea49/numpy-2.5.3-cp312-cp312-musllinux_1_2_aarch64.whl", hash = "sha256:4f8929ee6c96bfbd7b4ed2032e0c03af86fe1826740ab61ddabf9072d06e57ff", size = 17040975, upload-time = "2026-09-06T16:24:45.961Z" },
    { url = "https://files.pythonhosted.org/packages/62/4a/8877e629445a7176297dffcaf9c485faa96a95d81728a62521ad55bd4c0f/numpy-2.5.3-cp312-cp312-musllinux_1_2_x86_64.whl", hash = "sha256:b5d93cf48f687479941d12b69c873ad2cc76bbd487f0091c2200636497f34034", size = 18476479, upload-time = "2026-09-06T16:24:49.35Z" },
    { url = "https://files.pythonhosted.org/packages/c8/db/35e1c2d38b04cbd5b731f9d71495e055e813197669d22b612f11748d2ff9/numpy-2.5.3-cp312-cp312-win32.whl", hash = "sha256:bf63afbe037eb5d2fe87fbcc7778e61da53ebaf21d938a4515aa73b62532a5d4", size = 6133378, upload-time = "2026-09-06T16:24:51.915Z" },
    { url = "https://files.pythonhosted.org/packages/3c/a1/accf6d4f0c80c5d9ba9735d6b1550e444180599f34dec69ca01360f717ad/numpy-2.5.3-cp312-cp312-win_amd64.whl", hash = "sha256:0a59a421a32580a009e8a1751345bf829631b990dc1794b80514ab722b435def", size = 12567828, upload-time = "2026-09-06T16:24:54.255Z" },
    { url = "https://files.pythonhosted.org/packages/22/43/1764aff32e4652526ae2f71fa8b3efd8d25c8a3d6926914454e47138ed1e/numpy-2.5.3-cp312-cp312-win_arm64.whl", hash = "sha256:ccb32e0525d29e8b0572eb84c9a57af0e7a4e615726927506f55063c62414034", size = 10485432, upload-time = "2026-09-06T16:24:57.278Z" },
]

[[package]]
name = "opencv-python"
version = "4.14.0.94"
source = { registry = "https://pypi.org/simple" }
dependencies = [
    { name = "numpy" },
]
sdist = { url = "https://files.pythonhosted.org/packages/ed/e8/c2959c0f969ea4ae96b55ad10c108c0410de4e8b3550d9941a4cfdd52703/opencv_python-4.14.0.94.tar.gz", hash = "sha256:afadc76a38a07713a4c2b4702da917cf0ed489be57e2a40a34e670189731de7d", size = 96400225, upload-time = "2026-07-28T19:23:09.546Z" }
wheels = [
    { url = "https://files.pythonhosted.org/packages/19/91/e4fd7c2b64fda9792bc1f5dcb5a6cbdb54d50c3a2fa9dccc3943fd47afcf/opencv_python-4.14.0.94-cp37-abi3-macosx_13_0_arm64.whl", hash = "sha256:04456937c8f12ca64ff94df8bfd813ca98f5c9767da792948969a759c716ebe2", size = 46491087, upload-time = "2026-07-29T03:52:01.842Z" },
    { url = "https://files.pythonhosted.org/packages/f4/a7/8895ca8731f741925acf238f87ccb21fa8f47378d5291792e932b9a4ab71/opencv_python-4.14.0.94-cp37-abi3-macosx_14_0_x86_64.whl", hash = "sha256:6a49842cc0ba9f43e35a289e61c0e15a1f8be8df60145ee5c7d42593b0d4f4b8", size = 33084035, upload-time = "2026-07-28T20:05:52.633Z" },
    { url = "https://files.pythonhosted.org/packages/84/ec/5777752567986b99222d52e22306e9616829480cc2d48ab241daa9d7e9ef/opencv_python-4.14.0.94-cp37-abi3-manylinux2014_aarch64.manylinux_2_17_aarch64.whl", hash = "sha256:3198fcbcb8f98fd68063bf2c75d129b0f50d46e555a4e47578a6eb086eb38e1f", size = 49513397, upload-time = "2026-07-28T19:17:28.309Z" },
    { url = "https://files.pythonhosted.org/packages/13/09/c05887c383caa9080ef612febffd08c5da1c283418687a3bea6ef7fb6faa/opencv_python-4.14.0.94-cp37-abi3-manylinux2014_x86_64.manylinux_2_17_x86_64.whl", hash = "sha256:4ae0b5a2acbcfb9813035f1644cfba751edd02797fac994e32180813eeef8420", size = 72049625, upload-time = "2026-07-28T19:18:11.767Z" },
    { url = "https://files.pythonhosted.org/packages/ed/0b/df7ac73ed46258d569e4334c03b42515fbc2f901d40831e64414ac0da66a/opencv_python-4.14.0.94-cp37-abi3-manylinux_2_28_aarch64.whl", hash = "sha256:add600736d0d65a39e797a9ceeb494f3cdc5736d4bd96b4f89d65a8c92451528", size = 53432460, upload-time = "2026-07-28T19:18:43.878Z" },
    { url = "https://files.pythonhosted.org/packages/8f/96/97f176047c56726a61ddd02300b45b35d1451278c6182688a1fb27035e81/opencv_python-4.14.0.94-cp37-abi3-manylinux_2_28_x86_64.whl", hash = "sha256:726a2b40c1120a0bbd0116394c6a5b2aa0a4dfa4e609a81ee10d12c6a34cd372", size = 77393698, upload-time = "2026-07-28T19:19:14.745Z" },
    { url = "https://files.pythonhosted.org/packages/8b/2c/42491165dea74fcefa9a438ccf9ab6c7f3a52d595688ac90e87c4c1e9774/opencv_python-4.14.0.94-cp37-abi3-win32.whl", hash = "sha256:549c2401f8654708c702bdf0e26d45816b9c411369a0efa41907ec2b4ec0e707", size = 33162505, upload-time = "2026-07-28T18:32:23.488Z" },
    { url = "https://files.pythonhosted.org/packages/08/f0/ebf59732b54b4dd8a9e23f3b453ad73e11ec2230faf25ff4b1befa191ce0/opencv_python-4.14.0.94-cp37-abi3-win_amd64.whl", hash = "sha256:ace53616cdffc9643e17e075397b493e607c427d388c7508798ef7ad2ed577cc", size = 41166165, upload-time = "2026-07-28T18:32:19.031Z" },
]

[[package]]
name = "pillow"
version = "12.3.0"
source = { registry = "https://pypi.org/simple" }
sdist = { url = "https://files.pythonhosted.org/packages/1c/3d/bb7fca845737cf9d7dbde16ed1843984665ff2e0a518f5db43e77ec540b9/pillow-12.3.0.tar.gz", hash = "sha256:3b8182a766685eaa002637e28b4ec8d6b18819a0c71f579bf0dbaa5830297cce", size = 47025035, upload-time = "2026-07-01T11:56:38.965Z" }
wheels = [
    { url = "https://files.pythonhosted.org/packages/37/bf/fb3ebff8ddcb76aac5a01389251bbbb9519922a9b520d8247c1ca864a25d/pillow-12.3.0-cp312-cp312-macosx_10_13_x86_64.whl", hash = "sha256:ba09209fbe443b4acccebe845d8a138b89a8f4fbaeedd44953490b5315d5e965", size = 5345969, upload-time = "2026-07-01T11:54:06.397Z" },
    { url = "https://files.pythonhosted.org/packages/d8/66/9a386a92561f402389a4fc70c18838bf6d35eb5eb5c6850b4b2dc64f5048/pillow-12.3.0-cp312-cp312-macosx_11_0_arm64.whl", hash = "sha256:ffd0c5368496f41b0944be820fcb7a838aa6e623d250b01acf2643939c3f99d7", size = 4780323, upload-time = "2026-07-01T11:54:09.351Z" },
    { url = "https://files.pythonhosted.org/packages/25/27/ac8f99618ffd3dde21db0f4d4b1d2ab00c0880595bfd17df103f7f39fd0c/pillow-12.3.0-cp312-cp312-manylinux_2_27_aarch64.manylinux_2_28_aarch64.whl", hash = "sha256:d9c7f76c0673154f044e9d78c8655fb4213f6ca31a836df48b40fe5d187717b9", size = 6266838, upload-time = "2026-07-01T11:54:11.71Z" },
    { url = "https://files.pythonhosted.org/packages/84/21/a35af28dcc61f37ed850a2d64c65c701321dfbf25085e469d5559360cbbf/pillow-12.3.0-cp312-cp312-manylinux_2_27_x86_64.manylinux_2_28_x86_64.whl", hash = "sha256:78cb2c6865a35ab8ff8b75fd122f6033b92a62c82801110e48ddd6c936a45d91", size = 6940830, upload-time = "2026-07-01T11:54:13.732Z" },
    { url = "https://files.pythonhosted.org/packages/eb/51/8b08617af3ad95e33ce6d7dd2c99ed6c8298f7fb131636303956be022e25/pillow-12.3.0-cp312-cp312-musllinux_1_2_aarch64.whl", hash = "sha256:e491916b378fba47242221bb9ead245211b70d504f495d105d17b14a24b4907c", size = 6344383, upload-time = "2026-07-01T11:54:15.756Z" },
    { url = "https://files.pythonhosted.org/packages/1d/72/cf78ac9780bb93c28328f408973845a309d4d145041665f734572ced1b52/pillow-12.3.0-cp312-cp312-musllinux_1_2_x86_64.whl", hash = "sha256:0dd2064cbc55aaec028ef5fbb60fa47bb6c3e7918e07ff17935284b227a9d2df", size = 7052934, upload-time = "2026-07-01T11:54:17.721Z" },
    { url = "https://files.pythonhosted.org/packages/20/20/25e0f4dc178a6bc0696793720055519a0de89e7661dae886992decbd2f81/pillow-12.3.0-cp312-cp312-win32.whl", hash = "sha256:dbce0b29841537a2fa4a214c2bbf14de3587c9680caa9b4e217568472490b28f", size = 6472684, upload-time = "2026-07-01T11:54:19.839Z" },
    { url = "https://files.pythonhosted.org/packages/45/89/da2f7971a317f83d807fdd4065c0af40208e59e692cc43d315a71a0e96d1/pillow-12.3.0-cp312-cp312-win_amd64.whl", hash = "sha256:a2b55dd6b2a4c4b7d87ffa56bdb33fdc5fdb9a462173861a7bc097f17d91cb09", size = 7227137, upload-time = "2026-07-01T11:54:22.025Z" },
    { url = "https://files.pythonhosted.org/packages/de/47/4845a0a6c0dbf1db8456bd9fc791f13c5ced7ced20606d08a0aacfd25b49/pillow-12.3.0-cp312-cp312-win_arm64.whl", hash = "sha256:331b624368d4f1d069149002f25f44bc61c8919ce8ddb3c45bdad8f6e2d89510", size = 2568267, upload-time = "2026-07-01T11:54:24.051Z" },
]

[[package]]
name = "pygame"
version = "2.6.1"
source = { registry = "https://pypi.org/simple" }
sdist = { url = "https://files.pythonhosted.org/packages/49/cc/08bba60f00541f62aaa252ce0cfbd60aebd04616c0b9574f755b583e45ae/pygame-2.6.1.tar.gz", hash = "sha256:56fb02ead529cee00d415c3e007f75e0780c655909aaa8e8bf616ee09c9feb1f", size = 14808125, upload-time = "2024-09-29T13:41:34.698Z" }
wheels = [
    { url = "https://files.pythonhosted.org/packages/92/16/2c602c332f45ff9526d61f6bd764db5096ff9035433e2172e2d2cadae8db/pygame-2.6.1-cp312-cp312-macosx_10_9_x86_64.whl", hash = "sha256:4ee7f2771f588c966fa2fa8b829be26698c9b4836f82ede5e4edc1a68594942e", size = 13118279, upload-time = "2024-09-29T14:26:30.427Z" },
    { url = "https://files.pythonhosted.org/packages/cd/53/77ccbc384b251c6e34bfd2e734c638233922449a7844e3c7a11ef91cee39/pygame-2.6.1-cp312-cp312-macosx_11_0_arm64.whl", hash = "sha256:c8040ea2ab18c6b255af706ec01355c8a6b08dc48d77fd4ee783f8fc46a843bf", size = 12384524, upload-time = "2024-09-29T14:26:49.996Z" },
    { url = "https://files.pythonhosted.org/packages/06/be/3ed337583f010696c3b3435e89a74fb29d0c74d0931e8f33c0a4246307a9/pygame-2.6.1-cp312-cp312-manylinux_2_17_aarch64.manylinux2014_aarch64.whl", hash = "sha256:c47a6938de93fa610accd4969e638c2aebcb29b2fca518a84c3a39d91ab47116", size = 13587123, upload-time = "2024-09-29T11:10:50.072Z" },
    { url = "https://files.pythonhosted.org/packages/fd/ca/b015586a450db59313535662991b34d24c1f0c0dc149cc5f496573900f4e/pygame-2.6.1-cp312-cp312-manylinux_2_17_i686.manylinux2014_i686.whl", hash = "sha256:33006f784e1c7d7e466fcb61d5489da59cc5f7eb098712f792a225df1d4e229d", size = 14275532, upload-time = "2024-09-29T11:39:59.356Z" },
    { url = "https://files.pythonhosted.org/packages/b9/f2/d31e6ad42d657af07be2ffd779190353f759a07b51232b9e1d724f2cda46/pygame-2.6.1-cp312-cp312-manylinux_2_17_x86_64.manylinux2014_x86_64.whl", hash = "sha256:1206125f14cae22c44565c9d333607f1d9f59487b1f1432945dfc809aeaa3e88", size = 13952653, upload-time = "2024-09-29T11:40:01.781Z" },
    { url = "https://files.pythonhosted.org/packages/f3/42/8ea2a6979e6fa971702fece1747e862e2256d4a8558fe0da6364dd946c53/pygame-2.6.1-cp312-cp312-win32.whl", hash = "sha256:84fc4054e25262140d09d39e094f6880d730199710829902f0d8ceae0213379e", size = 10252421, upload-time = "2024-09-29T11:14:26.877Z" },
    { url = "https://files.pythonhosted.org/packages/5f/90/7d766d54bb95939725e9a9361f9c06b0cfbe3fe100aa35400f0a461a278a/pygame-2.6.1-cp312-cp312-win_amd64.whl", hash = "sha256:3a9e7396be0d9633831c3f8d5d82dd63ba373ad65599628294b7a4f8a5a01a65", size = 10624591, upload-time = "2024-09-29T11:52:54.489Z" },
]

[[package]]
name = "pynput"
version = "1.8.2"
source = { registry = "https://pypi.org/simple" }
dependencies = [
    { name = "evdev", marker = "'linux' in sys_platform" },
    { name = "pyobjc-framework-applicationservices", marker = "sys_platform == 'darwin'" },
    { name = "pyobjc-framework-quartz", marker = "sys_platform == 'darwin'" },
    { name = "python-xlib", marker = "'linux' in sys_platform" },
    { name = "six" },
]
sdist = { url = "https://files.pythonhosted.org/packages/86/c6/e2d415610cfbc78308bee44218a46124aaa3301b1df08814df819b2254a1/pynput-1.8.2.tar.gz", hash = "sha256:f493c87157cd3861b4468f7f896857051762f44ed26f1b641e7cc5840a457087", size = 82818, upload-time = "2026-05-12T19:11:39.464Z" }
wheels = [
    { url = "https://files.pythonhosted.org/packages/6d/98/bbeb760852adb27f166ce1617f0e51aabb15f21b1e60ea703f2aed3c78ac/pynput-1.8.2-py2.py3-none-any.whl", hash = "sha256:8cc38cf13a6ab2749cb375678be8a0fd705d7ce49c8001ff5db4007a723bbef1", size = 92028, upload-time = "2026-05-12T19:11:37.89Z" },
]

[[package]]
name = "pyobjc-core"
version = "12.2.2"
source = { registry = "https://pypi.org/simple" }
sdist = { url = "https://files.pythonhosted.org/packages/a5/78/abc4ce5920305780aeb36b4067a86253378b36e29ba96673a3deb02eb03a/pyobjc_core-12.2.2.tar.gz", hash = "sha256:3906452339cd06a3bb07df103c2511d4cb0f7a22d8771c0b802eba15d9a642b6", size = 1067701, upload-time = "2026-08-11T19:43:39.059Z" }
wheels = [
    { url = "https://files.pythonhosted.org/packages/86/b2/bbf7f049880ab40d110e66f25122342a1f6c98d6fe3c59bb98985503c660/pyobjc_core-12.2.2-cp312-cp312-macosx_10_13_universal2.whl", hash = "sha256:122e6ad302a2abf5d4d4adb0156db751600ddf2768441696cba17b31323085e7", size = 6427637, upload-time = "2026-08-11T14:51:36.038Z" },
]

[[package]]
name = "pyobjc-framework-applicationservices"
version = "12.2.2"
source = { registry = "https://pypi.org/simple" }
dependencies = [
    { name = "pyobjc-core", marker = "sys_platform == 'darwin'" },
    { name = "pyobjc-framework-cocoa", marker = "sys_platform == 'darwin'" },
    { name = "pyobjc-framework-coretext", marker = "sys_platform == 'darwin'" },
    { name = "pyobjc-framework-quartz", marker = "sys_platform == 'darwin'" },
]
sdist = { url = "https://files.pythonhosted.org/packages/29/40/b792ecc88a9fa639318509c127f0b153cd334bd27b47df373f4b7362a36d/pyobjc_framework_applicationservices-12.2.2.tar.gz", hash = "sha256:0bcc09531d5854598fd74706d999e4ae3b7c503204d318910d02eba30e8eecef", size = 109668, upload-time = "2026-08-11T19:43:45.347Z" }
wheels = [
    { url = "https://files.pythonhosted.org/packages/00/ed/9d85751400f1cd23d71c824a57352ec4d216a8728255dc00c032c431d3ad/pyobjc_framework_applicationservices-12.2.2-cp312-cp312-macosx_10_13_universal2.whl", hash = "sha256:5506bd6b5268a97fcb79b5b021f6cbbaaf5cdff3ec87094d8870268d8cf096ed", size = 32765, upload-time = "2026-08-11T19:30:56.696Z" },
]

[[package]]
name = "pyobjc-framework-cocoa"
version = "12.2.2"
source = { registry = "https://pypi.org/simple" }
dependencies = [
    { name = "pyobjc-core", marker = "sys_platform == 'darwin'" },
]
sdist = { url = "https://files.pythonhosted.org/packages/75/76/49c6da2c6a831020b4854ba20079d5a1030474bffc776b7b73c2eeff8c15/pyobjc_framework_cocoa-12.2.2.tar.gz", hash = "sha256:c96c0ef69a71afbbb0e6a7d594b455c5fe47d62e0db376ee7a2b4b828c16ace9", size = 3132831, upload-time = "2026-08-11T19:44:02.288Z" }
wheels = [
    { url = "https://files.pythonhosted.org/packages/fd/2f/b67e73d8bc367e03fe7861cd9c49fff9dcfa6db83bc0630c0adcfb25b7fa/pyobjc_framework_cocoa-12.2.2-cp312-cp312-macosx_10_13_universal2.whl", hash = "sha256:e106f395531e67694376b0f1184612cbeea3ec8b9bf56b55ef41d026171d2a2d", size = 388117, upload-time = "2026-08-11T19:32:43.161Z" },
]

[[package]]
name = "pyobjc-framework-coretext"
version = "12.2.2"
source = { registry = "https://pypi.org/simple" }
dependencies = [
    { name = "pyobjc-core", marker = "sys_platform == 'darwin'" },
    { name = "pyobjc-framework-cocoa", marker = "sys_platform == 'darwin'" },
    { name = "pyobjc-framework-quartz", marker = "sys_platform == 'darwin'" },
]
sdist = { url = "https://files.pythonhosted.org/packages/6d/66/405006d3502ffcd3bc69e0b7249ab7c05a5b43a07fa3959ce6b2a84f3278/pyobjc_framework_coretext-12.2.2.tar.gz", hash = "sha256:64ddc02303217028e32e22c7cc00b5112d84e9d9a67c37d00c2e54f9172284ab", size = 97658, upload-time = "2026-08-11T19:44:17.207Z" }
wheels = [
    { url = "https://files.pythonhosted.org/packages/1c/88/e85a9268285fc0c28284dbdc869a27f5d3f2e436d2838221a6704b4f8eee/pyobjc_framework_coretext-12.2.2-cp312-cp312-macosx_10_13_universal2.whl", hash = "sha256:a69611de569d92776e6391ca25492a5bbb4a05ba744006349e377a4fc5f7c8a5", size = 30120, upload-time = "2026-08-11T19:34:41.94Z" },
]

[[package]]
name = "pyobjc-framework-quartz"
version = "12.2.2"
source = { registry = "https://pypi.org/simple" }
dependencies = [
    { name = "pyobjc-core", marker = "sys_platform == 'darwin'" },
    { name = "pyobjc-framework-cocoa", marker = "sys_platform == 'darwin'" },
]
sdist = { url = "https://files.pythonhosted.org/packages/35/b1/426a37c7ae37280b3ffca2571fb48f211946aee2f4ca31a603ed1943c4a7/pyobjc_framework_quartz-12.2.2.tar.gz", hash = "sha256:810f97b210cfd93704d240860286dfd6df09f9f1c52525fc5c2166723aea3f9e", size = 3218295, upload-time = "2026-08-11T19:45:15.189Z" }
wheels = [
    { url = "https://files.pythonhosted.org/packages/ed/e4/8be95d2ff850f82fb55b44c63333a00a920bf8a73642e7d9c2f3638a26d2/pyobjc_framework_quartz-12.2.2-cp312-cp312-macosx_10_13_universal2.whl", hash = "sha256:7f668979d0c7320bf8f7ed6e030da578f93ab0f5dd619b295ec735cd8d5faa34", size = 219003, upload-time = "2026-08-11T19:40:24.425Z" },
]

[[package]]
name = "pyorbbecsdk2"
version = "2.1.2"
source = { registry = "https://pypi.org/simple" }
dependencies = [
    { name = "av" },
    { name = "numpy" },
    { name = "opencv-python" },
    { name = "pygame" },
    { name = "pynput" },
]
wheels = [
    { url = "https://files.pythonhosted.org/packages/f2/e7/a782a1393fd4df467bf8ed95c918712768b56411deb7021dd49d30a39252/pyorbbecsdk2-2.1.2-cp312-cp312-macosx_13_0_arm64.whl", hash = "sha256:b89edb91af1d39d36193e6cf088cdca13fbf6ea9846162fd91f6de715def94d9", size = 37720065, upload-time = "2026-08-11T11:17:39.451Z" },
    { url = "https://files.pythonhosted.org/packages/3a/b3/967b5e8ccc9796bd18a6d6bd61da3c5fc37a9b9121ac31f56c7f58431b62/pyorbbecsdk2-2.1.2-cp312-cp312-manylinux_2_27_aarch64.whl", hash = "sha256:82f2458b9814db0c9f2a75035faa844676afe8dc6912e3816abe239cb28d753d", size = 32275234, upload-time = "2026-08-11T11:18:25.658Z" },
    { url = "https://files.pythonhosted.org/packages/e4/23/f20e2ce5137bb7fad9d16c776e94ac43864c94f7857768e62bbbc232171c/pyorbbecsdk2-2.1.2-cp312-cp312-manylinux_2_27_x86_64.whl", hash = "sha256:9baac79e3ac24496847aa595267a6f21a2fb4fddf672493052e65ee48398566b", size = 31495899, upload-time = "2026-08-11T11:19:15.716Z" },
    { url = "https://files.pythonhosted.org/packages/84/26/20a0dec1ea72c71101fb0ce7db967c4c88668c25496858ea64ec399ae6cf/pyorbbecsdk2-2.1.2-cp312-cp312-win_amd64.whl", hash = "sha256:8ddfa19267cd52f98860989c486b99481ae6d815274fa69fd98d47ca0951cc45", size = 17636690, upload-time = "2026-08-11T11:19:46.939Z" },
]

[[package]]
name = "python-xlib"
version = "0.33"
source = { registry = "https://pypi.org/simple" }
dependencies = [
    { name = "six" },
]
sdist = { url = "https://files.pythonhosted.org/packages/86/f5/8c0653e5bb54e0cbdfe27bf32d41f27bc4e12faa8742778c17f2a71be2c0/python-xlib-0.33.tar.gz", hash = "sha256:55af7906a2c75ce6cb280a584776080602444f75815a7aff4d287bb2d7018b32", size = 269068, upload-time = "2022-12-25T18:53:00.824Z" }
wheels = [
    { url = "https://files.pythonhosted.org/packages/fc/b8/ff33610932e0ee81ae7f1269c890f697d56ff74b9f5b2ee5d9b7fa2c5355/python_xlib-0.33-py2.py3-none-any.whl", hash = "sha256:c3534038d42e0df2f1392a1b30a15a4ff5fdc2b86cfa94f072bf11b10a164398", size = 182185, upload-time = "2022-12-25T18:52:58.662Z" },
]

[[package]]
name = "six"
version = "1.17.0"
source = { registry = "https://pypi.org/simple" }
sdist = { url = "https://files.pythonhosted.org/packages/94/e7/b2c673351809dca68a0e064b6af791aa332cf192da575fd474ed7d6f16a2/six-1.17.0.tar.gz", hash = "sha256:ff70335d468e7eb6ec65b95b99d3a2836546063f63acc5171de367e834932a81", size = 34031, upload-time = "2024-12-04T17:35:28.174Z" }
wheels = [
    { url = "https://files.pythonhosted.org/packages/b7/ce/149a00dd41f10bc29e5921b496af8b574d8413afcd5e30dfa0ed46c2cc5e/six-1.17.0-py2.py3-none-any.whl", hash = "sha256:4721f391ed90541fddacab5acf947aa0d3dc7d27b2e1e8eda2be8970586c3274", size = 11050, upload-time = "2024-12-04T17:35:26.475Z" },
]

[[package]]
name = "xs-vision-demo"
version = "0.1.0"
source = { virtual = "." }
dependencies = [
    { name = "opencv-python" },
    { name = "pillow" },
    { name = "pyorbbecsdk2" },
]

[package.metadata]
requires-dist = [
    { name = "opencv-python", specifier = ">=4.10,<5" },
    { name = "pillow", specifier = ">=11,<13" },
    { name = "pyorbbecsdk2", specifier = "==2.1.2" },
]
